schema: '2.0'
stages:
  generate:
    cmd: python src/dummy_data.py data/dummy_data create
    deps:
    - path: src/dummy_data.py
      hash: md5
      md5: 806ee85e3783df0a7fbc80250f34edcd
      size: 2808
  append:
    cmd: python src/dummy_data.py data/dummy_data append
    deps:
    - path: src/dummy_data.py
      hash: md5
      md5: 806ee85e3783df0a7fbc80250f34edcd
      size: 2808
  preprocess:
    cmd: python src/datapreprocessing.py data/preprocessed/train/ data/preprocessed/test/
    deps:
    - path: data/dummy_data/dummy_sensor_data.csv
      hash: md5
      md5: cf3fb143538b41ebd732c29552a42457
      size: 211721
    - path: src/datapreprocessing.py
      hash: md5
      md5: a4f1d82baa09ddbe5d163d6944c14be1
      size: 2847
  train_forest:
    cmd: python src/random_forest.py data/preprocessed/train/train.csv data/preprocessed/test/test.csv
    deps:
    - path: data/preprocessed/test/test.csv
      hash: md5
      md5: 3ae7697249fe55c16e181949d56193be
      size: 54252
    - path: data/preprocessed/train/train.csv
      hash: md5
      md5: b84486a19257cd97445706b7bb359e6f
      size: 126539
    - path: src/random_forest.py
      hash: md5
      md5: 31fbe626f5197f018770f669b3ca219b
      size: 2655
