schema: '2.0'
stages:
  generate:
    cmd: python src/dummy_data.py data/dummy_data create
    deps:
    - path: src/dummy_data.py
      hash: md5
      md5: c35e1e5e11f7df7f769fe774e7b049c8
      size: 2736
  append:
    cmd: python src/dummy_data.py data/dummy_data append
    deps:
    - path: src/dummy_data.py
      hash: md5
      md5: c35e1e5e11f7df7f769fe774e7b049c8
      size: 2736
  preprocess:
    cmd: python src/datapreprocessing.py data/preprocessed/train/ data/preprocessed/test/
    deps:
    - path: data/dummy_data/dummy_sensor_data.csv
      hash: md5
      md5: cf3fb143538b41ebd732c29552a42457
      size: 211721
    - path: src/datapreprocessing.py
      hash: md5
      md5: 9adde839df3de3851939fa6fc22a89ce
      size: 2769
  train_forest:
    cmd: python src/random_forest.py data/preprocessed/train/train.csv data/preprocessed/test/test.csv
    deps:
    - path: data/preprocessed/test/test.csv
      hash: md5
      md5: 21d6ee5be99c1e0ac933682c3cd4e54f
      size: 53162
    - path: data/preprocessed/train/train.csv
      hash: md5
      md5: 988aecd4aa660d2b6ff3361771c8324f
      size: 123997
    - path: src/random_forest.py
      hash: md5
      md5: c32dbdb8389ef7667255f87a1d10fa65
      size: 3460
  train_svr:
    cmd: python src/SVR.py data/preprocessed/train/train.csv data/preprocessed/test/test.csv
    deps:
    - path: data/preprocessed/test/test.csv
      hash: md5
      md5: 21d6ee5be99c1e0ac933682c3cd4e54f
      size: 53162
    - path: data/preprocessed/train/train.csv
      hash: md5
      md5: 988aecd4aa660d2b6ff3361771c8324f
      size: 123997
    - path: src/SVR.py
      hash: md5
      md5: a21bb640fe1c1f2e274595439398543a
      size: 3033
